<?xml version="1.0" encoding="UTF-8"?>
<Scheme
   LastUpgradeVersion = "0730"
   version = "2.0">
   <BuildAction
      parallelizeBuildables = "YES"
      buildImplicitDependencies = "YES">
      <BuildActionEntries>
         <BuildActionEntry
            buildForTesting = "YES"
            buildForRunning = "YES"
            buildForProfiling = "YES"
            buildForArchiving = "YES"
            buildForAnalyzing = "YES">
            <BuildableReference
               BuildableIdentifier = "primary"
               BlueprintIdentifier = "773937441CA7A22F00346393"
               BuildableName = "Sample-Watch2-Extension.app"
               BlueprintName = "Sample-Watch2-Extension"
               ReferencedContainer = "container:Sample-Watch2.0.xcodeproj">
            </BuildableReference>
         </BuildActionEntry>
         <BuildActionEntry
            buildForTesting = "YES"
            buildForRunning = "YES"
            buildForProfiling = "YES"
            buildForArchiving = "YES"
            buildForAnalyzing = "YES">
            <BuildableReference
               BuildableIdentifier = "primary"
               BlueprintIdentifier = "7739372D1CA7A17300346393"
               BuildableName = "Sample-Watch2.0.app"
               BlueprintName = "Sample-Watch2.0"
               ReferencedContainer = "container:Sample-Watch2.0.xcodeproj">
            </BuildableReference>
         </BuildActionEntry>
         <BuildActionEntry
            buildForTesting = "YES"
            buildForRunning = "YES"
            buildForProfiling = "YES"
            buildForArchiving = "YES"
            buildForAnalyzing = "YES">
            <BuildableReference
               BuildableIdentifier = "primary"
               BlueprintIdentifier = "773937501CA7A22F00346393"
               BuildableName = "Sample-Watch2-Extension Extension.appex"
               BlueprintName = "Sample-Watch2-Extension Extension"
               ReferencedContainer = "container:Sample-Watch2.0.xcodeproj">
            </BuildableReference>
         </BuildActionEntry>
      </BuildActionEntries>
   </BuildAction>
   <TestAction
      buildConfiguration = "Debug"
      selectedDebuggerIdentifier = "Xcode.DebuggerFoundation.Debugger.LLDB"
      selectedLauncherIdentifier = "Xcode.DebuggerFoundation.Launcher.LLDB"
      shouldUseLaunchSchemeArgsEnv = "YES">
      <Testables>
      </Testables>
      <MacroExpansion>
         <BuildableReference
            BuildableIdentifier = "primary"
            BlueprintIdentifier = "773937441CA7A22F00346393"
            BuildableName = "Sample-Watch2-Extension.app"
            BlueprintName = "Sample-Watch2-Extension"
            ReferencedContainer = "container:Sample-Watch2.0.xcodeproj">
         </BuildableReference>
      </MacroExpansion>
      <AdditionalOptions>
      </AdditionalOptions>
   </TestAction>
   <LaunchAction
      buildConfiguration = "Debug"
      selectedDebuggerIdentifier = "Xcode.DebuggerFoundation.Debugger.LLDB"
      selectedLauncherIdentifier = "Xcode.DebuggerFoundation.Launcher.LLDB"
      launchStyle = "0"
      useCustomWorkingDirectory = "NO"
      ignoresPersistentStateOnLaunch = "NO"
      debugDocumentVersioning = "YES"
      debugServiceExtension = "internal"
      allowLocationSimulation = "YES"
      launchAutomaticallySubstyle = "8"
      notificationPayloadFile = "Sample-Watch2-Extension Extension/PushNotificationPayload.apns">
      <RemoteRunnable
         runnableDebuggingMode = "2"
         BundleIdentifier = "com.apple.carousel"
         RemotePath = "/Sample-Watch2.0">
         <BuildableReference
            BuildableIdentifier = "primary"
            BlueprintIdentifier = "773937441CA7A22F00346393"
            BuildableName = "Sample-Watch2-Extension.app"
            BlueprintName = "Sample-Watch2-Extension"
            ReferencedContainer = "container:Sample-Watch2.0.xcodeproj">
         </BuildableReference>
      </RemoteRunnable>
      <MacroExpansion>
         <BuildableReference
            BuildableIdentifier = "primary"
            BlueprintIdentifier = "773937441CA7A22F00346393"
            BuildableName = "Sample-Watch2-Extension.app"
            BlueprintName = "Sample-Watch2-Extension"
            ReferencedContainer = "container:Sample-Watch2.0.xcodeproj">
         </BuildableReference>
      </MacroExpansion>
      <AdditionalOptions>
      </AdditionalOptions>
   </LaunchAction>
   <ProfileAction
      buildConfiguration = "Release"
      shouldUseLaunchSchemeArgsEnv = "YES"
      savedToolIdentifier = ""
      useCustomWorkingDirectory = "NO"
      debugDocumentVersioning = "YES"
      launchAutomaticallySubstyle = "8"
      notificationPayloadFile = "Sample-Watch2-Extension Extension/PushNotificationPayload.apns">
      <RemoteRunnable
         runnableDebuggingMode = "2"
         BundleIdentifier = "com.apple.carousel"
         RemotePath = "/Sample-Watch2.0">
         <BuildableReference
            BuildableIdentifier = "primary"
            BlueprintIdentifier = "773937441CA7A22F00346393"
            BuildableName = "Sample-Watch2-Extension.app"
            BlueprintName = "Sample-Watch2-Extension"
            ReferencedContainer = "container:Sample-Watch2.0.xcodeproj">
         </BuildableReference>
      </RemoteRunnable>
      <MacroExpansion>
         <BuildableReference
            BuildableIdentifier = "primary"
            BlueprintIdentifier = "773937441CA7A22F00346393"
            BuildableName = "Sample-Watch2-Extension.app"
            BlueprintName = "Sample-Watch2-Extension"
            ReferencedContainer = "container:Sample-Watch2.0.xcodeproj">
         </BuildableReference>
      </MacroExpansion>
   </ProfileAction>
   <AnalyzeAction
      buildConfiguration = "Debug">
   </AnalyzeAction>
   <ArchiveAction
      buildConfiguration = "Release"
      revealArchiveInOrganizer = "YES">
   </ArchiveAction>
</Scheme>
